
Microsoft Visual Studio Solution File, Format Version 12.00
# Visual Studio Express 15 for Windows Desktop
VisualStudioVersion = 15.0.28307.539
MinimumVisualStudioVersion = 10.0.40219.1
Project("{8BC9CEB8-8B4A-11D0-8D11-00A0C91BC942}") = "PlugY", "PlugY.vcxproj", "{EB63DF4E-A019-4522-A140-9E8C7350B331}"
EndProject
Global
	GlobalSection(SolutionConfigurationPlatforms) = preSolution
		Debug|Win32 = Debug|Win32
		Release|Win32 = Release|Win32
	EndGlobalSection
	GlobalSection(ProjectConfigurationPlatforms) = postSolution
		{EB63DF4E-A019-4522-A140-9E8C7350B331}.Debug|Win32.ActiveCfg = Debug|Win32
		{EB63DF4E-A019-4522-A140-9E8C7350B331}.Debug|Win32.Build.0 = Debug|Win32
		{EB63DF4E-A019-4522-A140-9E8C7350B331}.Release|Win32.ActiveCfg = Release|Win32
		{EB63DF4E-A019-4522-A140-9E8C7350B331}.Release|Win32.Build.0 = Release|Win32
	EndGlobalSection
	GlobalSection(SolutionProperties) = preSolution
		HideSolutionNode = FALSE
	EndGlobalSection
	GlobalSection(ExtensibilityGlobals) = postSolution
		SolutionGuid = {3F506DC4-F4AA-41CC-A7BA-C7D310924D92}
	EndGlobalSection
EndGlobal
